
Microsoft Visual Studio Solution File, Format Version 12.00
Project("{FAE04EC0-301F-11D3-BF4B-00C04F79EFBC}") = "modificatores.dz", "modificatores.dz\modificatores.dz.csproj", "{FD64FD98-7043-412D-A237-3540B1B2B277}"
EndProject
Global
	GlobalSection(SolutionConfigurationPlatforms) = preSolution
		Debug|Any CPU = Debug|Any CPU
		Release|Any CPU = Release|Any CPU
	EndGlobalSection
	GlobalSection(ProjectConfigurationPlatforms) = postSolution
		{FD64FD98-7043-412D-A237-3540B1B2B277}.Debug|Any CPU.ActiveCfg = Debug|Any CPU
		{FD64FD98-7043-412D-A237-3540B1B2B277}.Debug|Any CPU.Build.0 = Debug|Any CPU
		{FD64FD98-7043-412D-A237-3540B1B2B277}.Release|Any CPU.ActiveCfg = Release|Any CPU
		{FD64FD98-7043-412D-A237-3540B1B2B277}.Release|Any CPU.Build.0 = Release|Any CPU
	EndGlobalSection
EndGlobal
